
Microsoft Visual Studio Solution File, Format Version 12.00
# Visual Studio Version 17
VisualStudioVersion = 17.4.33205.214
MinimumVisualStudioVersion = 10.0.40219.1
Project("{FAE04EC0-301F-11D3-BF4B-00C04F79EFBC}") = "JCPBackend", "JCPBackend.csproj", "{7A84AA47-2A5E-4F7B-A0F3-4232D81FB6AF}"
EndProject
Global
	GlobalSection(SolutionConfigurationPlatforms) = preSolution
		Debug|Any CPU = Debug|Any CPU
		Release|Any CPU = Release|Any CPU
	EndGlobalSection
	GlobalSection(ProjectConfigurationPlatforms) = postSolution
		{7A84AA47-2A5E-4F7B-A0F3-4232D81FB6AF}.Debug|Any CPU.ActiveCfg = Debug|Any CPU
		{7A84AA47-2A5E-4F7B-A0F3-4232D81FB6AF}.Debug|Any CPU.Build.0 = Debug|Any CPU
		{7A84AA47-2A5E-4F7B-A0F3-4232D81FB6AF}.Release|Any CPU.ActiveCfg = Release|Any CPU
		{7A84AA47-2A5E-4F7B-A0F3-4232D81FB6AF}.Release|Any CPU.Build.0 = Release|Any CPU
	EndGlobalSection
	GlobalSection(SolutionProperties) = preSolution
		HideSolutionNode = FALSE
	EndGlobalSection
	GlobalSection(ExtensibilityGlobals) = postSolution
		SolutionGuid = {33B200B6-31C5-403D-BBFA-971FA66E8174}
	EndGlobalSection
EndGlobal
